<?xml version="1.0" encoding="utf-8"?>
<Project ToolsVersion="4.0" xmlns="http://schemas.microsoft.com/developer/msbuild/2003">
  <ItemGroup>
    <Filter Include="Source Files">
      <UniqueIdentifier>{4FC737F1-C7A5-4376-A066-2A32D752A2FF}</UniqueIdentifier>
      <Extensions>cpp;c;cc;cxx;def;odl;idl;hpj;bat;asm;asmx</Extensions>
    </Filter>
    <Filter Include="Header Files">
      <UniqueIdentifier>{93995380-89BD-4b04-88EB-625FBE52EBFB}</UniqueIdentifier>
      <Extensions>h;hh;hpp;hxx;hm;inl;inc;ipp;xsd</Extensions>
    </Filter>
    <Filter Include="Resource Files">
      <UniqueIdentifier>{67DA6AB6-F800-4c08-8B7A-83BB121AAD01}</UniqueIdentifier>
      <Extensions>rc;ico;cur;bmp;dlg;rc2;rct;bin;rgs;gif;jpg;jpeg;jpe;resx;tiff;tif;png;wav;mfcribbon-ms</Extensions>
    </Filter>
    <Filter Include="Header Files\FilesystemStuff">
      <UniqueIdentifier>{02a0e3b2-90e4-4705-b108-416ab5183361}</UniqueIdentifier>
    </Filter>
    <Filter Include="Source Files\FilesystemStuff">
      <UniqueIdentifier>{654b8644-5f7b-4aa0-864b-93937f61a84a}</UniqueIdentifier>
    </Filter>
    <Filter Include="Header Files\IOOperatrions">
      <UniqueIdentifier>{1ae186f0-5b99-41d2-a863-b53893cd7a58}</UniqueIdentifier>
    </Filter>
    <Filter Include="Source Files\IOOperations">
      <UniqueIdentifier>{d980f39a-1d11-4f7c-b910-5fe76e8575a6}</UniqueIdentifier>
    </Filter>
    <Filter Include="Header Files\Util">
      <UniqueIdentifier>{45096e5b-104a-4638-9784-8c730d7dfa53}</UniqueIdentifier>
    </Filter>
    <Filter Include="Source Files\Util">
      <UniqueIdentifier>{7b867629-7928-446c-bd75-2c6a076fda01}</UniqueIdentifier>
    </Filter>
  </ItemGroup>
  <ItemGroup>
    <ClCompile Include="Source.cpp">
      <Filter>Source Files</Filter>
    </ClCompile>
    <ClCompile Include="Bitmap.cpp">
      <Filter>Source Files\FilesystemStuff</Filter>
    </ClCompile>
    <ClCompile Include="Blok.cpp">
      <Filter>Source Files\FilesystemStuff</Filter>
    </ClCompile>
    <ClCompile Include="Data.cpp">
      <Filter>Source Files\FilesystemStuff</Filter>
    </ClCompile>
    <ClCompile Include="DiskList.cpp">
      <Filter>Source Files\FilesystemStuff</Filter>
    </ClCompile>
    <ClCompile Include="FileSystem.cpp">
      <Filter>Source Files\FilesystemStuff</Filter>
    </ClCompile>
    <ClCompile Include="INode.cpp">
      <Filter>Source Files\FilesystemStuff</Filter>
    </ClCompile>
    <ClCompile Include="File.cpp">
      <Filter>Source Files\IOOperations</Filter>
    </ClCompile>
    <ClCompile Include="Util.cpp">
      <Filter>Source Files\Util</Filter>
    </ClCompile>
  </ItemGroup>
  <ItemGroup>
    <ClInclude Include="Bitmap.h">
      <Filter>Header Files\FilesystemStuff</Filter>
    </ClInclude>
    <ClInclude Include="Blok.h">
      <Filter>Header Files\FilesystemStuff</Filter>
    </ClInclude>
    <ClInclude Include="Data.h">
      <Filter>Header Files\FilesystemStuff</Filter>
    </ClInclude>
    <ClInclude Include="DiskList.h">
      <Filter>Header Files\FilesystemStuff</Filter>
    </ClInclude>
    <ClInclude Include="FileSystem.h">
      <Filter>Header Files\FilesystemStuff</Filter>
    </ClInclude>
    <ClInclude Include="INode.h">
      <Filter>Header Files\FilesystemStuff</Filter>
    </ClInclude>
    <ClInclude Include="ListItem.h">
      <Filter>Header Files\FilesystemStuff</Filter>
    </ClInclude>
    <ClInclude Include="File.h">
      <Filter>Header Files\IOOperatrions</Filter>
    </ClInclude>
    <ClInclude Include="Util.h">
      <Filter>Header Files\Util</Filter>
    </ClInclude>
  </ItemGroup>
  <ItemGroup>
    <Image Include="slika.jpg">
      <Filter>Resource Files</Filter>
    </Image>
  </ItemGroup>
</Project>